
Microsoft Visual Studio Solution File, Format Version 12.00
# Visual Studio Version 17
VisualStudioVersion = 17.8.34511.84
MinimumVisualStudioVersion = 10.0.40219.1
Project("{9A19103F-16F7-4668-BE54-9A1E7A4F7556}") = "OlympGuide", "OlympGuide.csproj", "{1D3829B8-F790-4FA8-B1CB-9C24D7BC2A98}"
EndProject
Project("{9A19103F-16F7-4668-BE54-9A1E7A4F7556}") = "OlympGuideTests", "..\OlympGuideTests\OlympGuideTests.csproj", "{FA4A8C0D-984B-4A40-8149-D793001B0224}"
	ProjectSection(ProjectDependencies) = postProject
		{FC8A68F1-6BBC-44A1-BF14-0EF5972CB45B} = {FC8A68F1-6BBC-44A1-BF14-0EF5972CB45B}
	EndProjectSection
EndProject
Project("{9A19103F-16F7-4668-BE54-9A1E7A4F7556}") = "OlympGuide.Domain", "..\OlympGuide.Domain\OlympGuide.Domain.csproj", "{FC8A68F1-6BBC-44A1-BF14-0EF5972CB45B}"
EndProject
Project("{9A19103F-16F7-4668-BE54-9A1E7A4F7556}") = "OlympGuide.Infrastructre", "..\OlympGuide.Infrastructre\OlympGuide.Infrastructre.csproj", "{FD3B7F85-D1AF-4016-BB58-B76FBD2166A0}"
	ProjectSection(ProjectDependencies) = postProject
		{FC8A68F1-6BBC-44A1-BF14-0EF5972CB45B} = {FC8A68F1-6BBC-44A1-BF14-0EF5972CB45B}
	EndProjectSection
EndProject
Project("{9A19103F-16F7-4668-BE54-9A1E7A4F7556}") = "OlympGuide.Application", "..\OlympGuide.Application\OlympGuide.Application.csproj", "{14FA4D14-2EC6-485C-9396-776493A1B014}"
EndProject
Global
	GlobalSection(SolutionConfigurationPlatforms) = preSolution
		Debug|Any CPU = Debug|Any CPU
		Release|Any CPU = Release|Any CPU
	EndGlobalSection
	GlobalSection(ProjectConfigurationPlatforms) = postSolution
		{1D3829B8-F790-4FA8-B1CB-9C24D7BC2A98}.Debug|Any CPU.ActiveCfg = Debug|Any CPU
		{1D3829B8-F790-4FA8-B1CB-9C24D7BC2A98}.Debug|Any CPU.Build.0 = Debug|Any CPU
		{1D3829B8-F790-4FA8-B1CB-9C24D7BC2A98}.Release|Any CPU.ActiveCfg = Release|Any CPU
		{1D3829B8-F790-4FA8-B1CB-9C24D7BC2A98}.Release|Any CPU.Build.0 = Release|Any CPU
		{FA4A8C0D-984B-4A40-8149-D793001B0224}.Debug|Any CPU.ActiveCfg = Debug|Any CPU
		{FA4A8C0D-984B-4A40-8149-D793001B0224}.Debug|Any CPU.Build.0 = Debug|Any CPU
		{FA4A8C0D-984B-4A40-8149-D793001B0224}.Release|Any CPU.ActiveCfg = Release|Any CPU
		{FA4A8C0D-984B-4A40-8149-D793001B0224}.Release|Any CPU.Build.0 = Release|Any CPU
		{FC8A68F1-6BBC-44A1-BF14-0EF5972CB45B}.Debug|Any CPU.ActiveCfg = Debug|Any CPU
		{FC8A68F1-6BBC-44A1-BF14-0EF5972CB45B}.Debug|Any CPU.Build.0 = Debug|Any CPU
		{FC8A68F1-6BBC-44A1-BF14-0EF5972CB45B}.Release|Any CPU.ActiveCfg = Release|Any CPU
		{FC8A68F1-6BBC-44A1-BF14-0EF5972CB45B}.Release|Any CPU.Build.0 = Release|Any CPU
		{FD3B7F85-D1AF-4016-BB58-B76FBD2166A0}.Debug|Any CPU.ActiveCfg = Debug|Any CPU
		{FD3B7F85-D1AF-4016-BB58-B76FBD2166A0}.Debug|Any CPU.Build.0 = Debug|Any CPU
		{FD3B7F85-D1AF-4016-BB58-B76FBD2166A0}.Release|Any CPU.ActiveCfg = Release|Any CPU
		{FD3B7F85-D1AF-4016-BB58-B76FBD2166A0}.Release|Any CPU.Build.0 = Release|Any CPU
		{14FA4D14-2EC6-485C-9396-776493A1B014}.Debug|Any CPU.ActiveCfg = Debug|Any CPU
		{14FA4D14-2EC6-485C-9396-776493A1B014}.Debug|Any CPU.Build.0 = Debug|Any CPU
		{14FA4D14-2EC6-485C-9396-776493A1B014}.Release|Any CPU.ActiveCfg = Release|Any CPU
		{14FA4D14-2EC6-485C-9396-776493A1B014}.Release|Any CPU.Build.0 = Release|Any CPU
	EndGlobalSection
	GlobalSection(SolutionProperties) = preSolution
		HideSolutionNode = FALSE
	EndGlobalSection
	GlobalSection(ExtensibilityGlobals) = postSolution
		SolutionGuid = {F8E27859-C332-4561-8D09-CA2E1B44C8DF}
	EndGlobalSection
EndGlobal
